PODS:
  - Alamofire (2.0.1)
  - ReactiveCocoa (3.0.0-swift2):
    - ReactiveCocoa/UI (= 3.0.0-swift2)
    - Result (~> 0.6-beta.1)
  - ReactiveCocoa/Core (3.0.0-swift2):
    - ReactiveCocoa/no-arc
    - Result (~> 0.6-beta.1)
  - ReactiveCocoa/no-arc (3.0.0-swift2):
    - Result (~> 0.6-beta.1)
  - ReactiveCocoa/UI (3.0.0-swift2):
    - ReactiveCocoa/Core
    - Result (~> 0.6-beta.1)
  - Result (0.6-beta.1)

DEPENDENCIES:
  - Alamofire (~> 2.0)
  - ReactiveCocoa (= 3.0.0-swift2)

SPEC CHECKSUMS:
  Alamofire: 1d8e208d616fbbfd2391b15eae766d07c96cdc49
  ReactiveCocoa: b17191e37a655ff35d095040a203ecd9dd04e8bd
  Result: af24e3e57ab81005ec4221a53fd36dc1e7a52869

COCOAPODS: 0.38.2
